{
  "name": ".opencode",
  "lockfileVersion": 3,
  "requires": true,
  "packages": {
    "": {
      "dependencies": {
        "@opencode-ai/plugin": "0.0.0-beta-202603230854"
      }
    },
    "node_modules/@opencode-ai/plugin": {
      "version": "0.0.0-beta-202603230854",
      "resolved": "https://registry.npmjs.org/@opencode-ai/plugin/-/plugin-0.0.0-beta-202603230854.tgz",
      "integrity": "sha512-YoHEvRjkEjWIMAsps2GjCy4ryo5fGfMU80pp1fvDml3FzUhxx6YmtJZgXg3uq6QrvfGrEtoG3vAsXsnjd9/xEw==",
      "license": "MIT",
      "dependencies": {
        "@opencode-ai/sdk": "0.0.0-beta-202603230854",
        "zod": "4.1.8"
      }
    },
    "node_modules/@opencode-ai/sdk": {
      "version": "0.0.0-beta-202603230854",
      "resolved": "https://registry.npmjs.org/@opencode-ai/sdk/-/sdk-0.0.0-beta-202603230854.tgz",
      "integrity": "sha512-rpfs2KhKCd//wAuW6nnIQ+uxMHoQ5s0OvNQ0Br2U+5db78+05wytr/tHUtf9Zba90/W5IucPhPaWt5Q3Eiw1tw==",
      "license": "MIT"
    },
    "node_modules/zod": {
      "version": "4.1.8",
      "resolved": "https://registry.npmjs.org/zod/-/zod-4.1.8.tgz",
      "integrity": "sha512-5R1P+WwQqmmMIEACyzSvo4JXHY5WiAFHRMg+zBZKgKS+Q1viRa0C1hmUKtHltoIFKtIdki3pRxkmpP74jnNYHQ==",
      "license": "MIT",
      "funding": {
        "url": "https://github.com/sponsors/colinhacks"
      }
    }
  }
}
